
Microsoft Visual Studio Solution File, Format Version 12.00
# Visual Studio Version 17
VisualStudioVersion = 17.11.35219.272
MinimumVisualStudioVersion = 10.0.40219.1
Project("{FAE04EC0-301F-11D3-BF4B-00C04F79EFBC}") = "Test_ps_name", "Test_ps_name\Test_ps_name.csproj", "{DDD05570-8DD3-4331-B1F0-B62BE505FB87}"
EndProject
Global
	GlobalSection(SolutionConfigurationPlatforms) = preSolution
		Debug|Any CPU = Debug|Any CPU
		Release|Any CPU = Release|Any CPU
	EndGlobalSection
	GlobalSection(ProjectConfigurationPlatforms) = postSolution
		{DDD05570-8DD3-4331-B1F0-B62BE505FB87}.Debug|Any CPU.ActiveCfg = Debug|Any CPU
		{DDD05570-8DD3-4331-B1F0-B62BE505FB87}.Debug|Any CPU.Build.0 = Debug|Any CPU
		{DDD05570-8DD3-4331-B1F0-B62BE505FB87}.Release|Any CPU.ActiveCfg = Release|Any CPU
		{DDD05570-8DD3-4331-B1F0-B62BE505FB87}.Release|Any CPU.Build.0 = Release|Any CPU
	EndGlobalSection
	GlobalSection(SolutionProperties) = preSolution
		HideSolutionNode = FALSE
	EndGlobalSection
	GlobalSection(ExtensibilityGlobals) = postSolution
		SolutionGuid = {F521EC4C-2D5F-4D87-88FB-EA6A67E0C099}
	EndGlobalSection
EndGlobal
